# generated by rye
# use `rye lock` or `rye sync` to update this lockfile
#
# last locked with the following flags:
#   pre: false
#   features: []
#   all-features: false
#   with-sources: false

-e file:.
cfgv==3.4.0
    # via pre-commit
click==8.1.7
    # via typer
distlib==0.3.8
    # via virtualenv
filelock==3.13.1
    # via virtualenv
identify==2.5.35
    # via pre-commit
markdown-it-py==3.0.0
    # via rich
mdurl==0.1.2
    # via markdown-it-py
mypy==1.8.0
mypy-extensions==1.0.0
    # via mypy
nodeenv==1.8.0
    # via pre-commit
platformdirs==4.2.0
    # via virtualenv
pre-commit==3.6.2
pygments==2.17.2
    # via rich
pyyaml==6.0.1
    # via pre-commit
rich==13.7.1
    # via traducir
ruff==0.3.0
setuptools==69.1.1
    # via nodeenv
typer==0.9.0
    # via traducir
typing-extensions==4.10.0
    # via mypy
    # via typer
virtualenv==20.25.1
    # via pre-commit
